Microsoft Visual Studio Solution File, Format Version 12.00
# Visual Studio Version 17
VisualStudioVersion = 17.11.35303.130
MinimumVisualStudioVersion = 10.0.40219.1
Project("{8BC9CEB8-8B4A-11D0-8D11-00A0C91BC942}") = "Kmd", "Kmd\Kmd.vcxproj", "{999E3518-A140-41B4-A900-9BC01520F76E}"
EndProject
Project("{8BC9CEB8-8B4A-11D0-8D11-00A0C91BC942}") = "Uma", "Uma\Uma.vcxproj", "{0BA1A651-D6F4-48B6-9C85-0669FB421EA8}"
EndProject
Global
	GlobalSection(SolutionConfigurationPlatforms) = preSolution
		Debug|x64 = Debug|x64
		Release|x64 = Release|x64
	EndGlobalSection
	GlobalSection(ProjectConfigurationPlatforms) = postSolution
		{999E3518-A140-41B4-A900-9BC01520F76E}.Debug|x64.ActiveCfg = Release|x64
		{999E3518-A140-41B4-A900-9BC01520F76E}.Debug|x64.Build.0 = Release|x64
		{999E3518-A140-41B4-A900-9BC01520F76E}.Debug|x64.Deploy.0 = Release|x64
		{999E3518-A140-41B4-A900-9BC01520F76E}.Release|x64.ActiveCfg = Release|x64
		{999E3518-A140-41B4-A900-9BC01520F76E}.Release|x64.Build.0 = Release|x64
		{999E3518-A140-41B4-A900-9BC01520F76E}.Release|x64.Deploy.0 = Release|x64
		{0BA1A651-D6F4-48B6-9C85-0669FB421EA8}.Debug|x64.ActiveCfg = Release|x64
		{0BA1A651-D6F4-48B6-9C85-0669FB421EA8}.Release|x64.ActiveCfg = Release|x64
		{0BA1A651-D6F4-48B6-9C85-0669FB421EA8}.Release|x64.Build.0 = Release|x64
	EndGlobalSection
	GlobalSection(SolutionProperties) = preSolution
		HideSolutionNode = FALSE
	EndGlobalSection
	GlobalSection(ExtensibilityGlobals) = postSolution
		SolutionGuid = {B278EF4A-9B48-482F-AAA5-F43372D78810}
	EndGlobalSection
EndGlobal
